# generated by rye
# use `rye lock` or `rye sync` to update this lockfile
#
# last locked with the following flags:
#   pre: false
#   features: []
#   all-features: false
#   with-sources: false
#   generate-hashes: false
#   universal: false

-e file:.
aiohappyeyeballs==2.4.3
    # via aiohttp
aiohttp==3.10.10
    # via discord-py
aiosignal==1.3.1
    # via aiohttp
annotated-types==0.7.0
    # via pydantic
attrs==24.2.0
    # via aiohttp
beautifulsoup4==4.12.3
    # via anki-discord
certifi==2024.8.30
    # via requests
charset-normalizer==3.4.0
    # via requests
click==8.1.7
    # via gtts
discord-py==2.4.0
    # via anki-discord
frozenlist==1.4.1
    # via aiohttp
    # via aiosignal
gtts==2.5.3
    # via anki-discord
idna==3.10
    # via requests
    # via yarl
multidict==6.1.0
    # via aiohttp
    # via yarl
mypy==1.12.0
mypy-extensions==1.0.0
    # via mypy
propcache==0.2.0
    # via yarl
pydantic==2.9.2
    # via anki-discord
    # via pydantic-settings
pydantic-core==2.23.4
    # via pydantic
pydantic-settings==2.5.2
    # via anki-discord
python-dotenv==1.0.1
    # via pydantic-settings
requests==2.32.3
    # via anki-discord
    # via gtts
soupsieve==2.6
    # via beautifulsoup4
tenacity==9.0.0
    # via anki-discord
types-beautifulsoup4==4.12.0.20241020
types-html5lib==1.1.11.20241018
    # via types-beautifulsoup4
types-requests==2.32.0.20241016
typing-extensions==4.12.2
    # via mypy
    # via pydantic
    # via pydantic-core
urllib3==2.2.3
    # via requests
    # via types-requests
yarl==1.15.4
    # via aiohttp
